
Microsoft Visual Studio Solution File, Format Version 12.00
# Visual Studio Version 16
VisualStudioVersion = 16.0.31019.35
MinimumVisualStudioVersion = 10.0.40219.1
Project("{FAE04EC0-301F-11D3-BF4B-00C04F79EFBC}") = "Mego.Test.Serch", "Mego.Test.Serch\Mego.Test.Serch.csproj", "{8DED7056-102B-4AC1-B425-9A3913D4F363}"
EndProject
Global
	GlobalSection(SolutionConfigurationPlatforms) = preSolution
		Debug|Any CPU = Debug|Any CPU
		Release|Any CPU = Release|Any CPU
	EndGlobalSection
	GlobalSection(ProjectConfigurationPlatforms) = postSolution
		{8DED7056-102B-4AC1-B425-9A3913D4F363}.Debug|Any CPU.ActiveCfg = Debug|Any CPU
		{8DED7056-102B-4AC1-B425-9A3913D4F363}.Debug|Any CPU.Build.0 = Debug|Any CPU
		{8DED7056-102B-4AC1-B425-9A3913D4F363}.Release|Any CPU.ActiveCfg = Release|Any CPU
		{8DED7056-102B-4AC1-B425-9A3913D4F363}.Release|Any CPU.Build.0 = Release|Any CPU
	EndGlobalSection
	GlobalSection(SolutionProperties) = preSolution
		HideSolutionNode = FALSE
	EndGlobalSection
	GlobalSection(ExtensibilityGlobals) = postSolution
		SolutionGuid = {0D9D7408-F6FD-4CAE-95BF-F8DFA252D456}
	EndGlobalSection
EndGlobal
